
Microsoft Visual Studio Solution File, Format Version 12.00
# Visual Studio Version 17
VisualStudioVersion = 17.13.35931.197
MinimumVisualStudioVersion = 10.0.40219.1
Project("{FAE04EC0-301F-11D3-BF4B-00C04F79EFBC}") = "TazyWareHouse.Core", "TazyWareHouse.Core\TazyWareHouse.Core.csproj", "{4A882996-FF06-468D-A799-B98AEC4C736C}"
EndProject
Project("{FAE04EC0-301F-11D3-BF4B-00C04F79EFBC}") = "TazyWareHouse.Application", "TazyWareHouse.Application\TazyWareHouse.Application.csproj", "{460B3E09-6BDE-4C82-A1AB-FEE3933F8542}"
EndProject
Project("{FAE04EC0-301F-11D3-BF4B-00C04F79EFBC}") = "TazyWareHouse.Infrastructure", "TazyWareHouse.Infrastructure\TazyWareHouse.Infrastructure.csproj", "{341E2153-2D2D-4AAE-BCE5-D0F018622A47}"
EndProject
Project("{FAE04EC0-301F-11D3-BF4B-00C04F79EFBC}") = "TazyWareHouse.Api", "TazyWareHouse.Api\TazyWareHouse.Api.csproj", "{36D98ED9-4FFC-4AC5-98E0-8E9F574DE0DF}"
EndProject
Global
	GlobalSection(SolutionConfigurationPlatforms) = preSolution
		Debug|Any CPU = Debug|Any CPU
		Release|Any CPU = Release|Any CPU
	EndGlobalSection
	GlobalSection(ProjectConfigurationPlatforms) = postSolution
		{4A882996-FF06-468D-A799-B98AEC4C736C}.Debug|Any CPU.ActiveCfg = Debug|Any CPU
		{4A882996-FF06-468D-A799-B98AEC4C736C}.Debug|Any CPU.Build.0 = Debug|Any CPU
		{4A882996-FF06-468D-A799-B98AEC4C736C}.Release|Any CPU.ActiveCfg = Release|Any CPU
		{4A882996-FF06-468D-A799-B98AEC4C736C}.Release|Any CPU.Build.0 = Release|Any CPU
		{460B3E09-6BDE-4C82-A1AB-FEE3933F8542}.Debug|Any CPU.ActiveCfg = Debug|Any CPU
		{460B3E09-6BDE-4C82-A1AB-FEE3933F8542}.Debug|Any CPU.Build.0 = Debug|Any CPU
		{460B3E09-6BDE-4C82-A1AB-FEE3933F8542}.Release|Any CPU.ActiveCfg = Release|Any CPU
		{460B3E09-6BDE-4C82-A1AB-FEE3933F8542}.Release|Any CPU.Build.0 = Release|Any CPU
		{341E2153-2D2D-4AAE-BCE5-D0F018622A47}.Debug|Any CPU.ActiveCfg = Debug|Any CPU
		{341E2153-2D2D-4AAE-BCE5-D0F018622A47}.Debug|Any CPU.Build.0 = Debug|Any CPU
		{341E2153-2D2D-4AAE-BCE5-D0F018622A47}.Release|Any CPU.ActiveCfg = Release|Any CPU
		{341E2153-2D2D-4AAE-BCE5-D0F018622A47}.Release|Any CPU.Build.0 = Release|Any CPU
		{36D98ED9-4FFC-4AC5-98E0-8E9F574DE0DF}.Debug|Any CPU.ActiveCfg = Debug|Any CPU
		{36D98ED9-4FFC-4AC5-98E0-8E9F574DE0DF}.Debug|Any CPU.Build.0 = Debug|Any CPU
		{36D98ED9-4FFC-4AC5-98E0-8E9F574DE0DF}.Release|Any CPU.ActiveCfg = Release|Any CPU
		{36D98ED9-4FFC-4AC5-98E0-8E9F574DE0DF}.Release|Any CPU.Build.0 = Release|Any CPU
	EndGlobalSection
	GlobalSection(SolutionProperties) = preSolution
		HideSolutionNode = FALSE
	EndGlobalSection
	GlobalSection(ExtensibilityGlobals) = postSolution
		SolutionGuid = {D28BABF1-BF52-45C8-9AAF-B2EB5BDA96BC}
	EndGlobalSection
EndGlobal
