
Microsoft Visual Studio Solution File, Format Version 12.00
# Visual Studio Version 17
VisualStudioVersion = 17.13.35931.197
MinimumVisualStudioVersion = 10.0.40219.1
Project("{FAE04EC0-301F-11D3-BF4B-00C04F79EFBC}") = "TazyWareHouse.Api", "TazyWareHouse.Api\TazyWareHouse.Api.csproj", "{1BF0E61B-D8E9-46A9-AD4C-A0CE531C6754}"
EndProject
Project("{FAE04EC0-301F-11D3-BF4B-00C04F79EFBC}") = "TazyWareHouse.Infrastucture", "..\TazyWareHouse.Infrastucture\TazyWareHouse.Infrastucture.csproj", "{A0D1C153-3E03-4214-A454-54A0DAF3934C}"
EndProject
Project("{FAE04EC0-301F-11D3-BF4B-00C04F79EFBC}") = "TazyWareHouse.Logic", "..\TazyWareHouse.Logic\TazyWareHouse.Logic.csproj", "{B4A35087-66CA-4BCA-B298-56CF5015E917}"
EndProject
Project("{FAE04EC0-301F-11D3-BF4B-00C04F79EFBC}") = "TazyWareHouse.Application", "..\TazyWareHouse.Application\TazyWareHouse.Application.csproj", "{16876CD4-F252-464A-A9BC-64452D9CF24F}"
EndProject
Project("{FAE04EC0-301F-11D3-BF4B-00C04F79EFBC}") = "TazyWareHouse.Persistance", "TazyWareHouse.Persistance\TazyWareHouse.Persistance.csproj", "{CA1CECC0-9AAC-4916-9F6F-E5162CF864D2}"
EndProject
Global
	GlobalSection(SolutionConfigurationPlatforms) = preSolution
		Debug|Any CPU = Debug|Any CPU
		Release|Any CPU = Release|Any CPU
	EndGlobalSection
	GlobalSection(ProjectConfigurationPlatforms) = postSolution
		{1BF0E61B-D8E9-46A9-AD4C-A0CE531C6754}.Debug|Any CPU.ActiveCfg = Debug|Any CPU
		{1BF0E61B-D8E9-46A9-AD4C-A0CE531C6754}.Debug|Any CPU.Build.0 = Debug|Any CPU
		{1BF0E61B-D8E9-46A9-AD4C-A0CE531C6754}.Release|Any CPU.ActiveCfg = Release|Any CPU
		{1BF0E61B-D8E9-46A9-AD4C-A0CE531C6754}.Release|Any CPU.Build.0 = Release|Any CPU
		{A0D1C153-3E03-4214-A454-54A0DAF3934C}.Debug|Any CPU.ActiveCfg = Debug|Any CPU
		{A0D1C153-3E03-4214-A454-54A0DAF3934C}.Debug|Any CPU.Build.0 = Debug|Any CPU
		{A0D1C153-3E03-4214-A454-54A0DAF3934C}.Release|Any CPU.ActiveCfg = Release|Any CPU
		{A0D1C153-3E03-4214-A454-54A0DAF3934C}.Release|Any CPU.Build.0 = Release|Any CPU
		{B4A35087-66CA-4BCA-B298-56CF5015E917}.Debug|Any CPU.ActiveCfg = Debug|Any CPU
		{B4A35087-66CA-4BCA-B298-56CF5015E917}.Debug|Any CPU.Build.0 = Debug|Any CPU
		{B4A35087-66CA-4BCA-B298-56CF5015E917}.Release|Any CPU.ActiveCfg = Release|Any CPU
		{B4A35087-66CA-4BCA-B298-56CF5015E917}.Release|Any CPU.Build.0 = Release|Any CPU
		{16876CD4-F252-464A-A9BC-64452D9CF24F}.Debug|Any CPU.ActiveCfg = Debug|Any CPU
		{16876CD4-F252-464A-A9BC-64452D9CF24F}.Debug|Any CPU.Build.0 = Debug|Any CPU
		{16876CD4-F252-464A-A9BC-64452D9CF24F}.Release|Any CPU.ActiveCfg = Release|Any CPU
		{16876CD4-F252-464A-A9BC-64452D9CF24F}.Release|Any CPU.Build.0 = Release|Any CPU
		{CA1CECC0-9AAC-4916-9F6F-E5162CF864D2}.Debug|Any CPU.ActiveCfg = Debug|Any CPU
		{CA1CECC0-9AAC-4916-9F6F-E5162CF864D2}.Debug|Any CPU.Build.0 = Debug|Any CPU
		{CA1CECC0-9AAC-4916-9F6F-E5162CF864D2}.Release|Any CPU.ActiveCfg = Release|Any CPU
		{CA1CECC0-9AAC-4916-9F6F-E5162CF864D2}.Release|Any CPU.Build.0 = Release|Any CPU
	EndGlobalSection
	GlobalSection(SolutionProperties) = preSolution
		HideSolutionNode = FALSE
	EndGlobalSection
	GlobalSection(ExtensibilityGlobals) = postSolution
		SolutionGuid = {D28BABF1-BF52-45C8-9AAF-B2EB5BDA96BC}
	EndGlobalSection
EndGlobal
